# This file is automatically @generated by Poetry 1.6.1 and should not be changed by hand.

[[package]]
name = "blinker"
version = "1.8.2"
description = "Fast, simple object-to-object and broadcast signaling"
optional = false
python-versions = ">=3.8"
files = [
    {file = "blinker-1.8.2-py3-none-any.whl", hash = "sha256:1779309f71bf239144b9399d06ae925637cf6634cf6bd131104184531bf67c01"},
    {file = "blinker-1.8.2.tar.gz", hash = "sha256:8f77b09d3bf7c795e969e9486f39c2c5e9c39d4ee07424be2bc594ece9642d83"},
]

[[package]]
name = "click"
version = "8.1.7"
description = "Composable command line interface toolkit"
optional = false
python-versions = ">=3.7"
files = [
    {file = "click-8.1.7-py3-none-any.whl", hash = "sha256:ae74fb96c20a0277a1d615f1e4d73c8414f5a98db8b799a7931d1582f3390c28"},
    {file = "click-8.1.7.tar.gz", hash = "sha256:ca9853ad459e787e2192211578cc907e7594e294c7ccc834310722b41b9ca6de"},
]

[package.dependencies]
colorama = {version = "*", markers = "platform_system == \"Windows\""}

[[package]]
name = "colorama"
version = "0.4.6"
description = "Cross-platform colored terminal text."
optional = false
python-versions = "!=3.0.*,!=3.1.*,!=3.2.*,!=3.3.*,!=3.4.*,!=3.5.*,!=3.6.*,>=2.7"
files = [
    {file = "colorama-0.4.6-py2.py3-none-any.whl", hash = "sha256:4f1d9991f5acc0ca119f9d443620b77f9d6b33703e51011c16baf57afb285fc6"},
    {file = "colorama-0.4.6.tar.gz", hash = "sha256:08695f5cb7ed6e0531a20572697297273c47b8cae5a63ffc6d6ed5c201be6e44"},
]

[[package]]
name = "flask"
version = "3.0.3"
description = "A simple framework for building complex web applications."
optional = false
python-versions = ">=3.8"
files = [
    {file = "flask-3.0.3-py3-none-any.whl", hash = "sha256:34e815dfaa43340d1d15a5c3a02b8476004037eb4840b34910c6e21679d288f3"},
    {file = "flask-3.0.3.tar.gz", hash = "sha256:ceb27b0af3823ea2737928a4d99d125a06175b8512c445cbd9a9ce200ef76842"},
]

[package.dependencies]
blinker = ">=1.6.2"
click = ">=8.1.3"
itsdangerous = ">=2.1.2"
Jinja2 = ">=3.1.2"
Werkzeug = ">=3.0.0"

[package.extras]
async = ["asgiref (>=3.2)"]
dotenv = ["python-dotenv"]

[[package]]
name = "itsdangerous"
version = "2.2.0"
description = "Safely pass data to untrusted environments and back."
optional = false
python-versions = ">=3.8"
files = [
    {file = "itsdangerous-2.2.0-py3-none-any.whl", hash = "sha256:c6242fc49e35958c8b15141343aa660db5fc54d4f13a1db01a3f5891b98700ef"},
    {file = "itsdangerous-2.2.0.tar.gz", hash = "sha256:e0050c0b7da1eea53ffaf149c0cfbb5c6e2e2b69c4bef22c81fa6eb73e5f6173"},
]

[[package]]
name = "jinja2"
version = "3.1.4"
description = "A very fast and expressive template engine."
optional = false
python-versions = ">=3.7"
files = [
    {file = "jinja2-3.1.4-py3-none-any.whl", hash = "sha256:bc5dd2abb727a5319567b7a813e6a2e7318c39f4f487cfe6c89c6f9c7d25197d"},
    {file = "jinja2-3.1.4.tar.gz", hash = "sha256:4a3aee7acbbe7303aede8e9648d13b8bf88a429282aa6122a993f0ac800cb369"},
]

[package.dependencies]
MarkupSafe = ">=2.0"

[package.extras]
i18n = ["Babel (>=2.7)"]

[[package]]
name = "markupsafe"
version = "2.1.5"
description = "Safely add untrusted strings to HTML/XML markup."
optional = false
python-versions = ">=3.7"
files = [
    {file = "MarkupSafe-2.1.5-cp310-cp310-macosx_10_9_universal2.whl", hash = "sha256:a17a92de5231666cfbe003f0e4b9b3a7ae3afb1ec2845aadc2bacc93ff85febc"},
    {file = "MarkupSafe-2.1.5-cp310-cp310-macosx_10_9_x86_64.whl", hash = "sha256:72b6be590cc35924b02c78ef34b467da4ba07e4e0f0454a2c5907f473fc50ce5"},
    {file = "MarkupSafe-2.1.5-cp310-cp310-manylinux_2_17_aarch64.manylinux2014_aarch64.whl", hash = "sha256:e61659ba32cf2cf1481e575d0462554625196a1f2fc06a1c777d3f48e8865d46"},
    {file = "MarkupSafe-2.1.5-cp310-cp310-manylinux_2_17_x86_64.manylinux2014_x86_64.whl", hash = "sha256:2174c595a0d73a3080ca3257b40096db99799265e1c27cc5a610743acd86d62f"},
    {file = "MarkupSafe-2.1.5-cp310-cp310-manylinux_2_5_i686.manylinux1_i686.manylinux_2_17_i686.manylinux2014_i686.whl", hash = "sha256:ae2ad8ae6ebee9d2d94b17fb62763125f3f374c25618198f40cbb8b525411900"},
    {file = "MarkupSafe-2.1.5-cp310-cp310-musllinux_1_1_aarch64.whl", hash = "sha256:075202fa5b72c86ad32dc7d0b56024ebdbcf2048c0ba09f1cde31bfdd57bcfff"},
    {file = "MarkupSafe-2.1.5-cp310-cp310-musllinux_1_1_i686.whl", hash = "sha256:598e3276b64aff0e7b3451b72e94fa3c238d452e7ddcd893c3ab324717456bad"},
    {file = "MarkupSafe-2.1.5-cp310-cp310-musllinux_1_1_x86_64.whl", hash = "sha256:fce659a462a1be54d2ffcacea5e3ba2d74daa74f30f5f143fe0c58636e355fdd"},
    {file = "MarkupSafe-2.1.5-cp310-cp310-win32.whl", hash = "sha256:d9fad5155d72433c921b782e58892377c44bd6252b5af2f67f16b194987338a4"},
    {file = "MarkupSafe-2.1.5-cp310-cp310-win_amd64.whl", hash = "sha256:bf50cd79a75d181c9181df03572cdce0fbb75cc353bc350712073108cba98de5"},
    {file = "MarkupSafe-2.1.5-cp311-cp311-macosx_10_9_universal2.whl", hash = "sha256:629ddd2ca402ae6dbedfceeba9c46d5f7b2a61d9749597d4307f943ef198fc1f"},
    {file = "MarkupSafe-2.1.5-cp311-cp311-macosx_10_9_x86_64.whl", hash = "sha256:5b7b716f97b52c5a14bffdf688f971b2d5ef4029127f1ad7a513973cfd818df2"},
    {file = "MarkupSafe-2.1.5-cp311-cp311-manylinux_2_17_aarch64.manylinux2014_aarch64.whl", hash = "sha256:6ec585f69cec0aa07d945b20805be741395e28ac1627333b1c5b0105962ffced"},
    {file = "MarkupSafe-2.1.5-cp311-cp311-manylinux_2_17_x86_64.manylinux2014_x86_64.whl", hash = "sha256:b91c037585eba9095565a3556f611e3cbfaa42ca1e865f7b8015fe5c7336d5a5"},
    {file = "MarkupSafe-2.1.5-cp311-cp311-manylinux_2_5_i686.manylinux1_i686.manylinux_2_17_i686.manylinux2014_i686.whl", hash = "sha256:7502934a33b54030eaf1194c21c692a534196063db72176b0c4028e140f8f32c"},
    {file = "MarkupSafe-2.1.5-cp311-cp311-musllinux_1_1_aarch64.whl", hash = "sha256:0e397ac966fdf721b2c528cf028494e86172b4feba51d65f81ffd65c63798f3f"},
    {file = "MarkupSafe-2.1.5-cp311-cp311-musllinux_1_1_i686.whl", hash = "sha256:c061bb86a71b42465156a3ee7bd58c8c2ceacdbeb95d05a99893e08b8467359a"},
    {file = "MarkupSafe-2.1.5-cp311-cp311-musllinux_1_1_x86_64.whl", hash = "sha256:3a57fdd7ce31c7ff06cdfbf31dafa96cc533c21e443d57f5b1ecc6cdc668ec7f"},
    {file = "MarkupSafe-2.1.5-cp311-cp311-win32.whl", hash = "sha256:397081c1a0bfb5124355710fe79478cdbeb39626492b15d399526ae53422b906"},
    {file = "MarkupSafe-2.1.5-cp311-cp311-win_amd64.whl", hash = "sha256:2b7c57a4dfc4f16f7142221afe5ba4e093e09e728ca65c51f5620c9aaeb9a617"},
    {file = "MarkupSafe-2.1.5-cp312-cp312-macosx_10_9_universal2.whl", hash = "sha256:8dec4936e9c3100156f8a2dc89c4b88d5c435175ff03413b443469c7c8c5f4d1"},
    {file = "MarkupSafe-2.1.5-cp312-cp312-macosx_10_9_x86_64.whl", hash = "sha256:3c6b973f22eb18a789b1460b4b91bf04ae3f0c4234a0a6aa6b0a92f6f7b951d4"},
    {file = "MarkupSafe-2.1.5-cp312-cp312-manylinux_2_17_aarch64.manylinux2014_aarch64.whl", hash = "sha256:ac07bad82163452a6884fe8fa0963fb98c2346ba78d779ec06bd7a6262132aee"},
    {file = "MarkupSafe-2.1.5-cp312-cp312-manylinux_2_17_x86_64.manylinux2014_x86_64.whl", hash = "sha256:f5dfb42c4604dddc8e4305050aa6deb084540643ed5804d7455b5df8fe16f5e5"},
    {file = "MarkupSafe-2.1.5-cp312-cp312-manylinux_2_5_i686.manylinux1_i686.manylinux_2_17_i686.manylinux2014_i686.whl", hash = "sha256:ea3d8a3d18833cf4304cd2fc9cbb1efe188ca9b5efef2bdac7adc20594a0e46b"},
    {file = "MarkupSafe-2.1.5-cp312-cp312-musllinux_1_1_aarch64.whl", hash = "sha256:d050b3361367a06d752db6ead6e7edeb0009be66bc3bae0ee9d97fb326badc2a"},
    {file = "MarkupSafe-2.1.5-cp312-cp312-musllinux_1_1_i686.whl", hash = "sha256:bec0a414d016ac1a18862a519e54b2fd0fc8bbfd6890376898a6c0891dd82e9f"},
    {file = "MarkupSafe-2.1.5-cp312-cp312-musllinux_1_1_x86_64.whl", hash = "sha256:58c98fee265677f63a4385256a6d7683ab1832f3ddd1e66fe948d5880c21a169"},
    {file = "MarkupSafe-2.1.5-cp312-cp312-win32.whl", hash = "sha256:8590b4ae07a35970728874632fed7bd57b26b0102df2d2b233b6d9d82f6c62ad"},
    {file = "MarkupSafe-2.1.5-cp312-cp312-win_amd64.whl", hash = "sha256:823b65d8706e32ad2df51ed89496147a42a2a6e01c13cfb6ffb8b1e92bc910bb"},
    {file = "MarkupSafe-2.1.5-cp37-cp37m-macosx_10_9_x86_64.whl", hash = "sha256:c8b29db45f8fe46ad280a7294f5c3ec36dbac9491f2d1c17345be8e69cc5928f"},
    {file = "MarkupSafe-2.1.5-cp37-cp37m-manylinux_2_17_aarch64.manylinux2014_aarch64.whl", hash = "sha256:ec6a563cff360b50eed26f13adc43e61bc0c04d94b8be985e6fb24b81f6dcfdf"},
    {file = "MarkupSafe-2.1.5-cp37-cp37m-manylinux_2_17_x86_64.manylinux2014_x86_64.whl", hash = "sha256:a549b9c31bec33820e885335b451286e2969a2d9e24879f83fe904a5ce59d70a"},
    {file = "MarkupSafe-2.1.5-cp37-cp37m-manylinux_2_5_i686.manylinux1_i686.manylinux_2_17_i686.manylinux2014_i686.whl", hash = "sha256:4f11aa001c540f62c6166c7726f71f7573b52c68c31f014c25cc7901deea0b52"},
    {file = "MarkupSafe-2.1.5-cp37-cp37m-musllinux_1_1_aarch64.whl", hash = "sha256:7b2e5a267c855eea6b4283940daa6e88a285f5f2a67f2220203786dfa59b37e9"},
    {file = "MarkupSafe-2.1.5-cp37-cp37m-musllinux_1_1_i686.whl", hash = "sha256:2d2d793e36e230fd32babe143b04cec8a8b3eb8a3122d2aceb4a371e6b09b8df"},
    {file = "MarkupSafe-2.1.5-cp37-cp37m-musllinux_1_1_x86_64.whl", hash = "sha256:ce409136744f6521e39fd8e2a24c53fa18ad67aa5bc7c2cf83645cce5b5c4e50"},
    {file = "MarkupSafe-2.1.5-cp37-cp37m-win32.whl", hash = "sha256:4096e9de5c6fdf43fb4f04c26fb114f61ef0bf2e5604b6ee3019d51b69e8c371"},
    {file = "MarkupSafe-2.1.5-cp37-cp37m-win_amd64.whl", hash = "sha256:4275d846e41ecefa46e2015117a9f491e57a71ddd59bbead77e904dc02b1bed2"},
    {file = "MarkupSafe-2.1.5-cp38-cp38-macosx_10_9_universal2.whl", hash = "sha256:656f7526c69fac7f600bd1f400991cc282b417d17539a1b228617081106feb4a"},
    {file = "MarkupSafe-2.1.5-cp38-cp38-macosx_10_9_x86_64.whl", hash = "sha256:97cafb1f3cbcd3fd2b6fbfb99ae11cdb14deea0736fc2b0952ee177f2b813a46"},
    {file = "MarkupSafe-2.1.5-cp38-cp38-manylinux_2_17_aarch64.manylinux2014_aarch64.whl", hash = "sha256:1f3fbcb7ef1f16e48246f704ab79d79da8a46891e2da03f8783a5b6fa41a9532"},
    {file = "MarkupSafe-2.1.5-cp38-cp38-manylinux_2_17_x86_64.manylinux2014_x86_64.whl", hash = "sha256:fa9db3f79de01457b03d4f01b34cf91bc0048eb2c3846ff26f66687c2f6d16ab"},
    {file = "MarkupSafe-2.1.5-cp38-cp38-manylinux_2_5_i686.manylinux1_i686.manylinux_2_17_i686.manylinux2014_i686.whl", hash = "sha256:ffee1f21e5ef0d712f9033568f8344d5da8cc2869dbd08d87c84656e6a2d2f68"},
    {file = "MarkupSafe-2.1.5-cp38-cp38-musllinux_1_1_aarch64.whl", hash = "sha256:5dedb4db619ba5a2787a94d877bc8ffc0566f92a01c0ef214865e54ecc9ee5e0"},
    {file = "MarkupSafe-2.1.5-cp38-cp38-musllinux_1_1_i686.whl", hash = "sha256:30b600cf0a7ac9234b2638fbc0fb6158ba5bdcdf46aeb631ead21248b9affbc4"},
    {file = "MarkupSafe-2.1.5-cp38-cp38-musllinux_1_1_x86_64.whl", hash = "sha256:8dd717634f5a044f860435c1d8c16a270ddf0ef8588d4887037c5028b859b0c3"},
    {file = "MarkupSafe-2.1.5-cp38-cp38-win32.whl", hash = "sha256:daa4ee5a243f0f20d528d939d06670a298dd39b1ad5f8a72a4275124a7819eff"},
    {file = "MarkupSafe-2.1.5-cp38-cp38-win_amd64.whl", hash = "sha256:619bc166c4f2de5caa5a633b8b7326fbe98e0ccbfacabd87268a2b15ff73a029"},
    {file = "MarkupSafe-2.1.5-cp39-cp39-macosx_10_9_universal2.whl", hash = "sha256:7a68b554d356a91cce1236aa7682dc01df0edba8d043fd1ce607c49dd3c1edcf"},
    {file = "MarkupSafe-2.1.5-cp39-cp39-macosx_10_9_x86_64.whl", hash = "sha256:db0b55e0f3cc0be60c1f19efdde9a637c32740486004f20d1cff53c3c0ece4d2"},
    {file = "MarkupSafe-2.1.5-cp39-cp39-manylinux_2_17_aarch64.manylinux2014_aarch64.whl", hash = "sha256:3e53af139f8579a6d5f7b76549125f0d94d7e630761a2111bc431fd820e163b8"},
    {file = "MarkupSafe-2.1.5-cp39-cp39-manylinux_2_17_x86_64.manylinux2014_x86_64.whl", hash = "sha256:17b950fccb810b3293638215058e432159d2b71005c74371d784862b7e4683f3"},
    {file = "MarkupSafe-2.1.5-cp39-cp39-manylinux_2_5_i686.manylinux1_i686.manylinux_2_17_i686.manylinux2014_i686.whl", hash = "sha256:4c31f53cdae6ecfa91a77820e8b151dba54ab528ba65dfd235c80b086d68a465"},
    {file = "MarkupSafe-2.1.5-cp39-cp39-musllinux_1_1_aarch64.whl", hash = "sha256:bff1b4290a66b490a2f4719358c0cdcd9bafb6b8f061e45c7a2460866bf50c2e"},
    {file = "MarkupSafe-2.1.5-cp39-cp39-musllinux_1_1_i686.whl", hash = "sha256:bc1667f8b83f48511b94671e0e441401371dfd0f0a795c7daa4a3cd1dde55bea"},
    {file = "MarkupSafe-2.1.5-cp39-cp39-musllinux_1_1_x86_64.whl", hash = "sha256:5049256f536511ee3f7e1b3f87d1d1209d327e818e6ae1365e8653d7e3abb6a6"},
    {file = "MarkupSafe-2.1.5-cp39-cp39-win32.whl", hash = "sha256:00e046b6dd71aa03a41079792f8473dc494d564611a8f89bbbd7cb93295ebdcf"},
    {file = "MarkupSafe-2.1.5-cp39-cp39-win_amd64.whl", hash = "sha256:fa173ec60341d6bb97a89f5ea19c85c5643c1e7dedebc22f5181eb73573142c5"},
    {file = "MarkupSafe-2.1.5.tar.gz", hash = "sha256:d283d37a890ba4c1ae73ffadf8046435c76e7bc2247bbb63c00bd1a709c6544b"},
]

[[package]]
name = "panda3d"
version = "1.10.14"
description = "Panda3D is a framework for 3D rendering and game development for Python and C++ programs."
optional = false
python-versions = "*"
files = [
    {file = "panda3d-1.10.14-cp27-cp27m-macosx_10_6_i386.whl", hash = "sha256:cf47bcbe5d6270107e80f5f18b88186cc40de83e4e90c86e7e516d2289a68dd1"},
    {file = "panda3d-1.10.14-cp27-cp27m-macosx_10_6_x86_64.whl", hash = "sha256:c371a3df183b2e382cb6dbf07efb744b05bdb0d89101457f350ea9a7a9a481f1"},
    {file = "panda3d-1.10.14-cp27-cp27m-macosx_10_9_x86_64.whl", hash = "sha256:ba49c6f213a5f0287e4cbdb66714cdf3b4aa5bdbe4e1a55034e74d0dda9f0250"},
    {file = "panda3d-1.10.14-cp27-cp27m-win32.whl", hash = "sha256:adb54216a9234f3736693d49032783d7fb8952a15510f1397f992a5c94cdf897"},
    {file = "panda3d-1.10.14-cp27-cp27m-win_amd64.whl", hash = "sha256:f94dd5f557166b6571969883bd2ffd3a555e8ac720f0f3e347d2081222bc0997"},
    {file = "panda3d-1.10.14-cp27-cp27mu-manylinux1_i686.whl", hash = "sha256:c98d2143755e52d4be3b474b932207c830e473aa0e10052831bc82784f1dd17c"},
    {file = "panda3d-1.10.14-cp27-cp27mu-manylinux1_x86_64.whl", hash = "sha256:b7f8c6524e1381bd28a15e5e2ed7aaba8ed3b6fa29d4ea5a4b215c4639b49438"},
    {file = "panda3d-1.10.14-cp310-cp310-macosx_10_9_x86_64.whl", hash = "sha256:b0e2aacb148b7033c08929bbf89bb497c2bed1811aa9f7e5efc167dbf57c90ae"},
    {file = "panda3d-1.10.14-cp310-cp310-macosx_11_0_universal2.whl", hash = "sha256:2c60139139654a51dab213ce1c9f67abd73153fc9e0a0514c0758741b2d2bd96"},
    {file = "panda3d-1.10.14-cp310-cp310-manylinux2010_i686.whl", hash = "sha256:f5da02fb5735294193eb1794ecbe619f20f87712f1b2c5d6e4d1a269f652ebeb"},
    {file = "panda3d-1.10.14-cp310-cp310-manylinux2010_x86_64.whl", hash = "sha256:d6a65b1930e144d5901cdd20d2779dc157897a730f0c9674692d61ad50e31213"},
    {file = "panda3d-1.10.14-cp310-cp310-manylinux2014_x86_64.whl", hash = "sha256:182a309537cd76c514b9f4d0dfd54bc9cb35d06a32234084bab6f3f0b0db3985"},
    {file = "panda3d-1.10.14-cp310-cp310-win32.whl", hash = "sha256:2a2b872a180ed84ff337147d6d46c14aceccbcfd1149135ba57e15136350d87f"},
    {file = "panda3d-1.10.14-cp310-cp310-win_amd64.whl", hash = "sha256:385d12a1f0924e91a39ebd6053104712a1acd91e089638d292b533e36f402c48"},
    {file = "panda3d-1.10.14-cp311-cp311-macosx_10_9_x86_64.whl", hash = "sha256:54b8ef9fe3684960a2c7d47b0d63c0354c17bc516795e59db6c1e5bda8c16c1c"},
    {file = "panda3d-1.10.14-cp311-cp311-macosx_11_0_universal2.whl", hash = "sha256:93414675894b18eea8d27edc1bbd1dc719eae207d45ec263d47195504bc4705f"},
    {file = "panda3d-1.10.14-cp311-cp311-manylinux2014_x86_64.whl", hash = "sha256:d1bc0d926f90c8fa14a1587fa9dbe5f89a4eda8c9684fa183a8eaa35fc8e891a"},
    {file = "panda3d-1.10.14-cp311-cp311-win32.whl", hash = "sha256:1039340a4a7965fe4c3e904edb4fff691584df435a154fecccf534587cd07a34"},
    {file = "panda3d-1.10.14-cp311-cp311-win_amd64.whl", hash = "sha256:1ddf01040b9c5497fb8659e3c5ef793a26c869cfdfb1b75e6d04d6fba0c03b73"},
    {file = "panda3d-1.10.14-cp312-cp312-macosx_10_9_x86_64.whl", hash = "sha256:1bfbcee77779f12ecce6a3d5a856e573b25d6343f8c4b107e814d9702e70a65d"},
    {file = "panda3d-1.10.14-cp312-cp312-macosx_11_0_universal2.whl", hash = "sha256:bc6540c5559d7e14a8992eff7de0157b7c42406b7ba221941ed224289496841c"},
    {file = "panda3d-1.10.14-cp312-cp312-manylinux2014_aarch64.whl", hash = "sha256:143daab1ce6bedcba711ea3f6cab0ebe5082f22c5f43e7178fadd2dd01209da7"},
    {file = "panda3d-1.10.14-cp312-cp312-manylinux2014_x86_64.whl", hash = "sha256:3c4399a286a142de7ff86f9356d7e526bbbd38892d7f7d39fecb5c33064972bc"},
    {file = "panda3d-1.10.14-cp312-cp312-win32.whl", hash = "sha256:e92e0dd907e2af33085a2c31ca2263dc8023b1b7bc70ce1b9fbc84631e130e51"},
    {file = "panda3d-1.10.14-cp312-cp312-win_amd64.whl", hash = "sha256:a5f2defd822d38848f8ae1956115adcb6cc7f464f03a67e73681cc72df125ef4"},
    {file = "panda3d-1.10.14-cp34-cp34m-macosx_10_6_i386.whl", hash = "sha256:84ca5855e03173f521a2b4edc84e62ad5ffb31e9454bd809efb8e71a5c32df4f"},
    {file = "panda3d-1.10.14-cp34-cp34m-macosx_10_6_x86_64.whl", hash = "sha256:9082e3d66a653589ffab7c5bd7a50eb46ab168104e08a86c77b58bbd77030d50"},
    {file = "panda3d-1.10.14-cp34-cp34m-manylinux1_i686.whl", hash = "sha256:f1a46ca8427ffb9267b3951af81f6774b7259b7e8f89210af6366b208e5762e6"},
    {file = "panda3d-1.10.14-cp34-cp34m-manylinux1_x86_64.whl", hash = "sha256:c23694788696d7bfe291ced98dd87e57532a23f821e71f7b2d0c2004a4648c8f"},
    {file = "panda3d-1.10.14-cp34-cp34m-win32.whl", hash = "sha256:f14455c459730f396e524d8b9e62875438481e1dc7dfd2083e9522a3bad45f28"},
    {file = "panda3d-1.10.14-cp34-cp34m-win_amd64.whl", hash = "sha256:110a33b20f15aa6333c8e72e30bcf0dc9afaef809a325d247bb7470de3942dae"},
    {file = "panda3d-1.10.14-cp35-cp35m-macosx_10_6_i386.whl", hash = "sha256:d91e37d43242d5132886c3850aa4a2f3ee7401de2360cb8313616b45ab78ecba"},
    {file = "panda3d-1.10.14-cp35-cp35m-macosx_10_6_x86_64.whl", hash = "sha256:f4bcf78223df3c13e9a627a25856c91bdbf28f75b021630e5ca37a961eeabb27"},
    {file = "panda3d-1.10.14-cp35-cp35m-macosx_10_9_x86_64.whl", hash = "sha256:e0a7a1d7cbe10474cad720898b384d642dcd3d7a07b3dbe09154107a5651be49"},
    {file = "panda3d-1.10.14-cp35-cp35m-manylinux1_i686.whl", hash = "sha256:78404da82a5d93641b0f2a89790cad235b087e7e2e37bbe83c995e99495635cd"},
    {file = "panda3d-1.10.14-cp35-cp35m-manylinux1_x86_64.whl", hash = "sha256:aa1381f4c06b789b8a725185773397b0c7a2508eeb8156874537c07171e5cb99"},
    {file = "panda3d-1.10.14-cp35-cp35m-win32.whl", hash = "sha256:8a497dd7401b50fa372664c724f1cb949b8d8bc3ed6d9b6433af19086bcf9325"},
    {file = "panda3d-1.10.14-cp35-cp35m-win_amd64.whl", hash = "sha256:293c5441e4f2720da480abdb3c99e55e96a7616d8867ac9c7b94526694a5812e"},
    {file = "panda3d-1.10.14-cp36-cp36m-macosx_10_6_i386.whl", hash = "sha256:15083e9c82d884c279bca897576ed91848323f951617f7bbb43d2dba32e6d662"},
    {file = "panda3d-1.10.14-cp36-cp36m-macosx_10_6_x86_64.whl", hash = "sha256:b8a20828a45a9215f7ecb59baec18a79adda56ad1b25eb99b9958d26d8ab2a40"},
    {file = "panda3d-1.10.14-cp36-cp36m-macosx_10_9_x86_64.whl", hash = "sha256:d4c555a5c47ffcaaed518c52b3bb9d5729a5dc4492f51e8a46b076ca54adcae0"},
    {file = "panda3d-1.10.14-cp36-cp36m-manylinux1_i686.whl", hash = "sha256:0c43a4dfd6b12323359439ea7c60e8fbf84ff0aa75abaccd5179cc6b27baa2b7"},
    {file = "panda3d-1.10.14-cp36-cp36m-manylinux1_x86_64.whl", hash = "sha256:06a4595f1737170d316829b451cbfb01a130918a04481b1f217212c485c64586"},
    {file = "panda3d-1.10.14-cp36-cp36m-manylinux2014_x86_64.whl", hash = "sha256:24d2a38f9068f868ac23101a8601d88f3c137ededed2be222d5e711a4b114467"},
    {file = "panda3d-1.10.14-cp36-cp36m-win32.whl", hash = "sha256:d7d722fb5a62531e62f6b98db2b3e399deddde945f84c954aefac73989c75e4c"},
    {file = "panda3d-1.10.14-cp36-cp36m-win_amd64.whl", hash = "sha256:7d17fe989aaed3f35a7992742a4c4536936fb0a70a87d4625b92f185f0318c45"},
    {file = "panda3d-1.10.14-cp37-cp37m-macosx_10_6_i386.whl", hash = "sha256:0ab75f828daef54678e9f2a15bccfe4e7b090991ee025689be324194266fd82e"},
    {file = "panda3d-1.10.14-cp37-cp37m-macosx_10_6_x86_64.whl", hash = "sha256:f04af7a7becaf30c0c256a0177a7493ab91247ea5a2798345b2df2ec71aeff23"},
    {file = "panda3d-1.10.14-cp37-cp37m-macosx_10_9_x86_64.whl", hash = "sha256:d41579867cb2998f4273bdece282c641dac6f40ca2e713dafa3fb9ce3ef12162"},
    {file = "panda3d-1.10.14-cp37-cp37m-manylinux1_i686.whl", hash = "sha256:4db1b920d501d3524e92467a21ecb08cc0063566a681991cc683f2070068f128"},
    {file = "panda3d-1.10.14-cp37-cp37m-manylinux1_x86_64.whl", hash = "sha256:db28161d1f40adf0b0998f7064ac784e49a2f2ec3bb04810c2757ba938c7d2cf"},
    {file = "panda3d-1.10.14-cp37-cp37m-manylinux2014_x86_64.whl", hash = "sha256:0cbdbc41229fa7d075925a716477e7a8d1a17a2523fc88e97fa010c4e0706442"},
    {file = "panda3d-1.10.14-cp37-cp37m-win32.whl", hash = "sha256:145cd28de41261e0ac2bc24323417f8b21623f48de0bb7a9e0d70ff386c34c84"},
    {file = "panda3d-1.10.14-cp37-cp37m-win_amd64.whl", hash = "sha256:fadb6eb4106dc3fecea81a1e81186b3cc3ee0019d0b5435273113a18aec2352c"},
    {file = "panda3d-1.10.14-cp38-cp38-macosx_10_9_x86_64.whl", hash = "sha256:a61c973d8d58305a502d05a82dc3ec6cf2b5e01ada7151a83415c51a959ff774"},
    {file = "panda3d-1.10.14-cp38-cp38-macosx_11_0_universal2.whl", hash = "sha256:3e82b2f904efb9f7f78dbf6d88bc5ebc83c5c0fbc9e477a8ef2b154bd7935591"},
    {file = "panda3d-1.10.14-cp38-cp38-manylinux1_i686.whl", hash = "sha256:96d1ce3483a51ec5aebc43f3e30e552deacb660606d2b36e86ed3a9756e3eccf"},
    {file = "panda3d-1.10.14-cp38-cp38-manylinux1_x86_64.whl", hash = "sha256:b658d75a5342ff175703ce780e8b383da438ff68ea941d0e5dff68c5189d38ec"},
    {file = "panda3d-1.10.14-cp38-cp38-manylinux2014_x86_64.whl", hash = "sha256:3e564c44d879b01d01a7fcdc03977affcf3b1dabcf2d6e5c678e06b9de8855ac"},
    {file = "panda3d-1.10.14-cp38-cp38-win32.whl", hash = "sha256:06007592951730b52852771e98b306b3c1de9dc51abf0bab183c3ec3ac404131"},
    {file = "panda3d-1.10.14-cp38-cp38-win_amd64.whl", hash = "sha256:b05713b5acfcfcbf1dc87c19b1d5babf926d21f83b3772180e7a5de83f45b454"},
    {file = "panda3d-1.10.14-cp39-cp39-macosx_10_9_x86_64.whl", hash = "sha256:d55c7d52bd07e54a16219bb88a7cf34a5b9e7c720dce585e9de8427cc54d9dd2"},
    {file = "panda3d-1.10.14-cp39-cp39-macosx_11_0_universal2.whl", hash = "sha256:39abf9330ebcfcff07c29ebcf397cf43c2e5be6c148cf45a0a025d3297c43289"},
    {file = "panda3d-1.10.14-cp39-cp39-manylinux1_i686.whl", hash = "sha256:0f69c7232713f50a552b00ada4cbb03780bb97ec1ddb640e5162df61d1b26a2b"},
    {file = "panda3d-1.10.14-cp39-cp39-manylinux1_x86_64.whl", hash = "sha256:9dda6736e8c180fa9caab70aa9461d7042b74764f73e4d2c59fe560751989341"},
    {file = "panda3d-1.10.14-cp39-cp39-manylinux2014_x86_64.whl", hash = "sha256:a91ab520fa8bd206460f0b7acfa6329440d72669048bac3eab4bb4d8dcd09991"},
    {file = "panda3d-1.10.14-cp39-cp39-win32.whl", hash = "sha256:2de074b0a3e0f243e4c1fba0376a26489d585cc71fd79986de274e282e3913d8"},
    {file = "panda3d-1.10.14-cp39-cp39-win_amd64.whl", hash = "sha256:356c55c25c2227bb2cf20a9613410c470f4e9de887543ec8b3765c848af4bff0"},
]

[[package]]
name = "pygame"
version = "2.5.2"
description = "Python Game Development"
optional = false
python-versions = ">=3.6"
files = [
    {file = "pygame-2.5.2-cp310-cp310-macosx_10_9_x86_64.whl", hash = "sha256:a0769eb628c818761755eb0a0ca8216b95270ea8cbcbc82227e39ac9644643da"},
    {file = "pygame-2.5.2-cp310-cp310-macosx_11_0_arm64.whl", hash = "sha256:ed9a3d98adafa0805ccbaaff5d2996a2b5795381285d8437a4a5d248dbd12b4a"},
    {file = "pygame-2.5.2-cp310-cp310-manylinux_2_17_aarch64.manylinux2014_aarch64.whl", hash = "sha256:f30d1618672a55e8c6669281ba264464b3ab563158e40d89e8c8b3faa0febebd"},
    {file = "pygame-2.5.2-cp310-cp310-manylinux_2_17_i686.manylinux2014_i686.whl", hash = "sha256:39690e9be9baf58b7359d1f3b2336e1fd6f92fedbbce42987be5df27f8d30718"},
    {file = "pygame-2.5.2-cp310-cp310-manylinux_2_17_x86_64.manylinux2014_x86_64.whl", hash = "sha256:03879ec299c9f4ba23901b2649a96b2143f0a5d787f0b6c39469989e2320caf1"},
    {file = "pygame-2.5.2-cp310-cp310-win32.whl", hash = "sha256:74e1d6284100e294f445832e6f6343be4fe4748decc4f8a51131ae197dae8584"},
    {file = "pygame-2.5.2-cp310-cp310-win_amd64.whl", hash = "sha256:485239c7d32265fd35b76ae8f64f34b0637ae11e69d76de15710c4b9edcc7c8d"},
    {file = "pygame-2.5.2-cp311-cp311-macosx_10_9_x86_64.whl", hash = "sha256:34646ca20e163dc6f6cf8170f1e12a2e41726780112594ac061fa448cf7ccd75"},
    {file = "pygame-2.5.2-cp311-cp311-macosx_11_0_arm64.whl", hash = "sha256:3b8a6e351665ed26ea791f0e1fd649d3f483e8681892caef9d471f488f9ea5ee"},
    {file = "pygame-2.5.2-cp311-cp311-manylinux_2_17_aarch64.manylinux2014_aarch64.whl", hash = "sha256:dc346965847aef00013fa2364f41a64f068cd096dcc7778fc306ca3735f0eedf"},
    {file = "pygame-2.5.2-cp311-cp311-manylinux_2_17_i686.manylinux2014_i686.whl", hash = "sha256:35632035fd81261f2d797fa810ea8c46111bd78ceb6089d52b61ed7dc3c5d05f"},
    {file = "pygame-2.5.2-cp311-cp311-manylinux_2_17_x86_64.manylinux2014_x86_64.whl", hash = "sha256:0e24d05184e4195fe5ebcdce8b18ecb086f00182b9ae460a86682d312ce8d31f"},
    {file = "pygame-2.5.2-cp311-cp311-win32.whl", hash = "sha256:f02c1c7505af18d426d355ac9872bd5c916b27f7b0fe224749930662bea47a50"},
    {file = "pygame-2.5.2-cp311-cp311-win_amd64.whl", hash = "sha256:6d58c8cf937815d3b7cdc0fa9590c5129cb2c9658b72d00e8a4568dea2ff1d42"},
    {file = "pygame-2.5.2-cp312-cp312-macosx_10_9_x86_64.whl", hash = "sha256:1a2a43802bb5e89ce2b3b775744e78db4f9a201bf8d059b946c61722840ceea8"},
    {file = "pygame-2.5.2-cp312-cp312-macosx_11_0_arm64.whl", hash = "sha256:1c289f2613c44fe70a1e40769de4a49c5ab5a29b9376f1692bb1a15c9c1c9bfa"},
    {file = "pygame-2.5.2-cp312-cp312-manylinux_2_17_aarch64.manylinux2014_aarch64.whl", hash = "sha256:074aa6c6e110c925f7f27f00c7733c6303407edc61d738882985091d1eb2ef17"},
    {file = "pygame-2.5.2-cp312-cp312-manylinux_2_17_i686.manylinux2014_i686.whl", hash = "sha256:fe0228501ec616779a0b9c4299e837877783e18df294dd690b9ab0eed3d8aaab"},
    {file = "pygame-2.5.2-cp312-cp312-manylinux_2_17_x86_64.manylinux2014_x86_64.whl", hash = "sha256:31648d38ecdc2335ffc0e38fb18a84b3339730521505dac68514f83a1092e3f4"},
    {file = "pygame-2.5.2-cp312-cp312-win32.whl", hash = "sha256:224c308856334bc792f696e9278e50d099a87c116f7fc314cd6aa3ff99d21592"},
    {file = "pygame-2.5.2-cp312-cp312-win_amd64.whl", hash = "sha256:dd2d2650faf54f9a0f5bd0db8409f79609319725f8f08af6507a0609deadcad4"},
    {file = "pygame-2.5.2-cp36-cp36m-macosx_10_9_x86_64.whl", hash = "sha256:9b30bc1220c457169571aac998e54b013aaeb732d2fd8744966cb1cfab1f61d1"},
    {file = "pygame-2.5.2-cp36-cp36m-manylinux_2_17_aarch64.manylinux2014_aarch64.whl", hash = "sha256:78fcd7643358b886a44127ff7dec9041c056c212b3a98977674f83f99e9b12d3"},
    {file = "pygame-2.5.2-cp36-cp36m-manylinux_2_17_i686.manylinux2014_i686.whl", hash = "sha256:35cf093a51cb294ede56c29d4acf41538c00f297fcf78a9b186fb7d23c0577b6"},
    {file = "pygame-2.5.2-cp36-cp36m-manylinux_2_17_x86_64.manylinux2014_x86_64.whl", hash = "sha256:6fe323acbf53a0195c8c98b1b941eba7ac24e3e2b28ae48e8cda566f15fc4945"},
    {file = "pygame-2.5.2-cp36-cp36m-win32.whl", hash = "sha256:5697528266b4716d9cdd44a5a1d210f4d86ef801d0f64ca5da5d0816704009d9"},
    {file = "pygame-2.5.2-cp36-cp36m-win_amd64.whl", hash = "sha256:edda1f7cff4806a4fa39e0e8ccd75f38d1d340fa5fc52d8582ade87aca247d92"},
    {file = "pygame-2.5.2-cp37-cp37m-macosx_10_9_x86_64.whl", hash = "sha256:9bd738fd4ecc224769d0b4a719f96900a86578e26e0105193658a32966df2aae"},
    {file = "pygame-2.5.2-cp37-cp37m-manylinux_2_17_aarch64.manylinux2014_aarch64.whl", hash = "sha256:30a8d7cf12363b4140bf2f93b5eec4028376ca1d0fe4b550588f836279485308"},
    {file = "pygame-2.5.2-cp37-cp37m-manylinux_2_17_i686.manylinux2014_i686.whl", hash = "sha256:bc12e4dea3e88ea8a553de6d56a37b704dbe2aed95105889f6afeb4b96e62097"},
    {file = "pygame-2.5.2-cp37-cp37m-manylinux_2_17_x86_64.manylinux2014_x86_64.whl", hash = "sha256:2b34c73cb328024f8db3cb6487a37e54000148988275d8d6e5adf99d9323c937"},
    {file = "pygame-2.5.2-cp37-cp37m-win32.whl", hash = "sha256:7d0a2794649defa57ef50b096a99f7113d3d0c2e32d1426cafa7d618eadce4c7"},
    {file = "pygame-2.5.2-cp37-cp37m-win_amd64.whl", hash = "sha256:41f8779f52e0f6e6e6ccb8f0b5536e432bf386ee29c721a1c22cada7767b0cef"},
    {file = "pygame-2.5.2-cp38-cp38-macosx_10_9_x86_64.whl", hash = "sha256:677e37bc0ea7afd89dde5a88ced4458aa8656159c70a576eea68b5622ee1997b"},
    {file = "pygame-2.5.2-cp38-cp38-macosx_11_0_arm64.whl", hash = "sha256:47a8415d2bd60e6909823b5643a1d4ef5cc29417d817f2a214b255f6fa3a1e4c"},
    {file = "pygame-2.5.2-cp38-cp38-manylinux_2_17_aarch64.manylinux2014_aarch64.whl", hash = "sha256:4ff21201df6278b8ca2e948fb148ffe88f5481fd03760f381dd61e45954c7dff"},
    {file = "pygame-2.5.2-cp38-cp38-manylinux_2_17_i686.manylinux2014_i686.whl", hash = "sha256:d29a84b2e02814b9ba925357fd2e1df78efe5e1aa64dc3051eaed95d2b96eafd"},
    {file = "pygame-2.5.2-cp38-cp38-manylinux_2_17_x86_64.manylinux2014_x86_64.whl", hash = "sha256:d78485c4d21133d6b2fbb504cd544ca655e50b6eb551d2995b3aa6035928adda"},
    {file = "pygame-2.5.2-cp38-cp38-win32.whl", hash = "sha256:d851247239548aa357c4a6840fb67adc2d570ce7cb56988d036a723d26b48bff"},
    {file = "pygame-2.5.2-cp38-cp38-win_amd64.whl", hash = "sha256:88d1cdacc2d3471eceab98bf0c93c14d3a8461f93e58e3d926f20d4de3a75554"},
    {file = "pygame-2.5.2-cp39-cp39-macosx_10_9_x86_64.whl", hash = "sha256:4f1559e7efe4efb9dc19d2d811d702f325d9605f9f6f9ececa39ee6890c798f5"},
    {file = "pygame-2.5.2-cp39-cp39-macosx_11_0_arm64.whl", hash = "sha256:cf2191b756ceb0e8458a761d0c665b0c70b538570449e0d39b75a5ba94ac5cf0"},
    {file = "pygame-2.5.2-cp39-cp39-manylinux_2_17_aarch64.manylinux2014_aarch64.whl", hash = "sha256:6cf2257447ce7f2d6de37e5fb019d2bbe32ed05a5721ace8bc78c2d9beaf3aee"},
    {file = "pygame-2.5.2-cp39-cp39-manylinux_2_17_i686.manylinux2014_i686.whl", hash = "sha256:d75cbbfaba2b81434d62631d0b08b85fab16cf4a36e40b80298d3868927e1299"},
    {file = "pygame-2.5.2-cp39-cp39-manylinux_2_17_x86_64.manylinux2014_x86_64.whl", hash = "sha256:daca456d5b9f52e088e06a127dec182b3638a775684fb2260f25d664351cf1ae"},
    {file = "pygame-2.5.2-cp39-cp39-win32.whl", hash = "sha256:3b3e619e33d11c297d7a57a82db40681f9c2c3ae1d5bf06003520b4fe30c435d"},
    {file = "pygame-2.5.2-cp39-cp39-win_amd64.whl", hash = "sha256:1822d534bb7fe756804647b6da2c9ea5d7a62d8796b2e15d172d3be085de28c6"},
    {file = "pygame-2.5.2-pp36-pypy36_pp73-win32.whl", hash = "sha256:e708fc8f709a0fe1d1876489345f2e443d47f3976d33455e2e1e937f972f8677"},
    {file = "pygame-2.5.2-pp37-pypy37_pp73-manylinux_2_17_i686.manylinux2014_i686.whl", hash = "sha256:c13edebc43c240fb0532969e914f0ccefff5ae7e50b0b788d08ad2c15ef793e4"},
    {file = "pygame-2.5.2-pp37-pypy37_pp73-manylinux_2_17_x86_64.manylinux2014_x86_64.whl", hash = "sha256:263b4a7cbfc9fe2055abc21b0251cc17dea6dff750f0e1c598919ff350cdbffe"},
    {file = "pygame-2.5.2-pp38-pypy38_pp73-macosx_10_9_x86_64.whl", hash = "sha256:e58e2b0c791041e4bccafa5bd7650623ba1592b8fe62ae0a276b7d0ecb314b6c"},
    {file = "pygame-2.5.2-pp38-pypy38_pp73-manylinux_2_17_i686.manylinux2014_i686.whl", hash = "sha256:a0bd67426c02ffe6c9827fc4bcbda9442fbc451d29b17c83a3c088c56fef2c90"},
    {file = "pygame-2.5.2-pp38-pypy38_pp73-manylinux_2_17_x86_64.manylinux2014_x86_64.whl", hash = "sha256:9dcff6cbba1584cf7732ce1dbdd044406cd4f6e296d13bcb7fba963fb4aeefc9"},
    {file = "pygame-2.5.2-pp39-pypy39_pp73-macosx_10_9_x86_64.whl", hash = "sha256:ce4b6c0bfe44d00bb0998a6517bd0cf9455f642f30f91bc671ad41c05bf6f6ae"},
    {file = "pygame-2.5.2-pp39-pypy39_pp73-manylinux_2_17_i686.manylinux2014_i686.whl", hash = "sha256:68c4e8e60b725ffc7a6c6ecd9bb5fcc5ed2d6e0e2a2c4a29a8454856ef16ad63"},
    {file = "pygame-2.5.2-pp39-pypy39_pp73-manylinux_2_17_x86_64.manylinux2014_x86_64.whl", hash = "sha256:1f3849f97372a3381c66955f99a0d58485ccd513c3d00c030b869094ce6997a6"},
    {file = "pygame-2.5.2.tar.gz", hash = "sha256:c1b89eb5d539e7ac5cf75513125fb5f2f0a2d918b1fd6e981f23bf0ac1b1c24a"},
]

[[package]]
name = "werkzeug"
version = "3.0.3"
description = "The comprehensive WSGI web application library."
optional = false
python-versions = ">=3.8"
files = [
    {file = "werkzeug-3.0.3-py3-none-any.whl", hash = "sha256:fc9645dc43e03e4d630d23143a04a7f947a9a3b5727cd535fdfe155a17cc48c8"},
    {file = "werkzeug-3.0.3.tar.gz", hash = "sha256:097e5bfda9f0aba8da6b8545146def481d06aa7d3266e7448e2cccf67dd8bd18"},
]

[package.dependencies]
MarkupSafe = ">=2.1.1"

[package.extras]
watchdog = ["watchdog (>=2.3)"]

[metadata]
lock-version = "2.0"
python-versions = "^3.11"
content-hash = "e98c2ce4874c77bc7d672cb6cde2e0f0815f6f42f901b86709dacdae377aa5e2"
